%{"benchee": {:hex, :benchee, "0.9.0", "433d946b0e4755e186fe564568ead4f593b0d15337fcffa95ed7d5b8a6612670", [:mix], [{:deep_merge, "~> 0.1", [hex: :deep_merge, optional: false]}]},
  "coerce": {:hex, :coerce, "1.0.1", "211c27386315dc2894ac11bc1f413a0e38505d808153367bd5c6e75a4003d096", [:mix], []},
  "cortex": {:hex, :cortex, "0.2.0", "014fcc76553508417c97203a6c1770adb36ae6446330ee05169869b5cd290cd7", [:mix], [{:exfswatch, "~> 0.4", [hex: :exfswatch, optional: false]}]},
  "decimal": {:hex, :decimal, "1.3.1", "157b3cedb2bfcb5359372a7766dd7a41091ad34578296e951f58a946fcab49c6", [:mix], []},
  "deep_merge": {:hex, :deep_merge, "0.1.1", "c27866a7524a337b6a039eeb8dd4f17d458fd40fbbcb8c54661b71a22fffe846", [:mix], []},
  "earmark": {:hex, :earmark, "1.2.3", "206eb2e2ac1a794aa5256f3982de7a76bf4579ff91cb28d0e17ea2c9491e46a4", [:mix], []},
  "ex_const": {:hex, :ex_const, "0.1.0", "7b04d0b65f00cfb8afc0b778bd58dec4804612a54f57122524ee097e9f2c5443", [:mix], []},
  "ex_doc": {:hex, :ex_doc, "0.16.3", "cd2a4cfe5d26e37502d3ec776702c72efa1adfa24ed9ce723bb565f4c30bd31a", [:mix], [{:earmark, "~> 1.1", [hex: :earmark, optional: false]}]},
  "ex_spirit": {:hex, :ex_spirit, "0.3.3", "89bd061c68a63b8a4321d768d87e918a7ba60f5a044e5961b14544d1f062901d", [:mix], []},
  "exconstructor": {:hex, :exconstructor, "1.1.0", "272623a7b203cb2901c20cbb92c5c3ab103cc0087ff7c881979e046043346752", [:mix], []},
  "exfswatch": {:hex, :exfswatch, "0.4.2", "d88a63b5c2f8f040230d22010588ff73286fd1aef32564115afa3051eaa4391d", [:mix], []},
  "html_entities": {:hex, :html_entities, "0.3.0", "2f278ffc69c3f0cbd5996628fef37cf922fa715f3e04b9f38924c8adced3f25a", [:mix], []},
  "makedown": {:hex, :makedown, "0.2.0", "f47c34e6cc6ddb81a6306c63a580e49fb2c9eea0eec841e579891f1899477280", [:mix], [{:earmark, "~> 1.1", [hex: :earmark, optional: false]}, {:makeup, "~> 0.2.0", [hex: :makeup, optional: false]}]},
  "makeup": {:hex, :makeup, "0.2.0", "558327c02cd4bc75e54d6aa2e31752c0a906eb4b40b392237921348c4ce455a9", [:mix], [{:ex_const, "~> 0.1.0", [hex: :ex_const, optional: false]}, {:ex_spirit, "~> 0.3.0", [hex: :ex_spirit, optional: false]}, {:exconstructor, "~> 1.1.0", [hex: :exconstructor, optional: false]}, {:html_entities, "~> 0.3.0", [hex: :html_entities, optional: false]}]},
  "makeup_elixir": {:hex, :makeup_elixir, "0.2.0", "2a16854b9ecc44386241b03e2be50b83d0cdeac38c1cbeed1b16812238443f3a", [:mix], [{:makeup, "0.2.0", [hex: :makeup, optional: false]}]},
  "numbers": {:hex, :numbers, "5.1.0", "afa96e166c5da52b4ff7beaee0716a398cf3e4d10769c795f016de2163bbf7ba", [:mix], [{:coerce, "~> 1.0", [hex: :coerce, optional: false]}, {:decimal, "~> 1.3.0", [hex: :decimal, optional: true]}]}}
