%{"benchee": {:hex, :benchee, "0.9.0", "433d946b0e4755e186fe564568ead4f593b0d15337fcffa95ed7d5b8a6612670", [:mix], [{:deep_merge, "~> 0.1", [hex: :deep_merge, optional: false]}]},
  "coerce": {:hex, :coerce, "1.0.1", "211c27386315dc2894ac11bc1f413a0e38505d808153367bd5c6e75a4003d096", [:mix], []},
  "cortex": {:hex, :cortex, "0.2.0", "014fcc76553508417c97203a6c1770adb36ae6446330ee05169869b5cd290cd7", [:mix], [{:exfswatch, "~> 0.4", [hex: :exfswatch, optional: false]}]},
  "decimal": {:hex, :decimal, "1.3.1", "157b3cedb2bfcb5359372a7766dd7a41091ad34578296e951f58a946fcab49c6", [:mix], []},
  "deep_merge": {:hex, :deep_merge, "0.1.1", "c27866a7524a337b6a039eeb8dd4f17d458fd40fbbcb8c54661b71a22fffe846", [:mix], []},
  "earmark": {:hex, :earmark, "1.2.3", "206eb2e2ac1a794aa5256f3982de7a76bf4579ff91cb28d0e17ea2c9491e46a4", [:mix], []},
  "ex_const": {:hex, :ex_const, "0.1.0", "7b04d0b65f00cfb8afc0b778bd58dec4804612a54f57122524ee097e9f2c5443", [:mix], []},
  "ex_doc": {:hex, :ex_doc, "0.18.1", "37c69d2ef62f24928c1f4fdc7c724ea04aecfdf500c4329185f8e3649c915baf", [:mix], [{:earmark, "~> 1.1", [hex: :earmark, optional: false]}]},
  "ex_doc_makeup": {:hex, :ex_doc_makeup, "0.1.0", "a90983a8d0a019acdc7dacca139986c5d18f0dc25db19edee7f7277e139e49c1", [:mix], [{:ex_doc, ">= 0.18.1", [hex: :ex_doc, optional: false]}, {:makeup_elixir, ">= 0.3.0", [hex: :makeup_elixir, optional: false]}]},
  "ex_spirit": {:hex, :ex_spirit, "0.3.4", "cf21c0fa0349445da40091df1fb8141d0e802f83b83659132713012bbe7fb398", [:mix], []},
  "exconstructor": {:hex, :exconstructor, "1.1.0", "272623a7b203cb2901c20cbb92c5c3ab103cc0087ff7c881979e046043346752", [:mix], []},
  "exfswatch": {:hex, :exfswatch, "0.4.2", "d88a63b5c2f8f040230d22010588ff73286fd1aef32564115afa3051eaa4391d", [:mix], []},
  "html_entities": {:hex, :html_entities, "0.3.0", "2f278ffc69c3f0cbd5996628fef37cf922fa715f3e04b9f38924c8adced3f25a", [:mix], []},
  "makedown": {:hex, :makedown, "0.2.0", "f47c34e6cc6ddb81a6306c63a580e49fb2c9eea0eec841e579891f1899477280", [:mix], [{:earmark, "~> 1.1", [hex: :earmark, optional: false]}, {:makeup, "~> 0.2.0", [hex: :makeup, optional: false]}]},
  "makeup": {:hex, :makeup, "0.3.0", "c8223bdbddf4d6f09902a483e5ba1dec694b3747700e4d4ed00f13c08250c21d", [:mix], [{:ex_spirit, "~> 0.3.4", [hex: :ex_spirit, optional: false]}]},
  "makeup_elixir": {:hex, :makeup_elixir, "0.3.0", "31503676b444e2bc793941bc2e8d6766acc6af1120b43a7ddce5f0ff47c5df27", [:mix], [{:makeup, "0.3.0", [hex: :makeup, optional: false]}]},
  "numbers": {:hex, :numbers, "5.1.0", "afa96e166c5da52b4ff7beaee0716a398cf3e4d10769c795f016de2163bbf7ba", [:mix], [{:coerce, "~> 1.0", [hex: :coerce, optional: false]}, {:decimal, "~> 1.3.0", [hex: :decimal, optional: true]}]},
  "stream_data": {:hex, :stream_data, "0.3.0", "cbfc8e3212f64683615657ea27804126a42ded634adfdfee258bf087ee605d46", [:mix], []}}
